
Microsoft Visual Studio Solution File, Format Version 12.00
# Visual Studio 15
VisualStudioVersion = 15.0.28307.902
MinimumVisualStudioVersion = 10.0.40219.1
Project("{FAE04EC0-301F-11D3-BF4B-00C04F79EFBC}") = "MailSender", "MailSender\MailSender.csproj", "{197F99E4-F0A8-4BC8-930D-EF229EA5E700}"
EndProject
Project("{FAE04EC0-301F-11D3-BF4B-00C04F79EFBC}") = "MailSender_v2", "MailSender_v2\MailSender_v2.csproj", "{18D6CE8B-E478-4B38-A7B4-34FABB4A0E45}"
EndProject
Project("{FAE04EC0-301F-11D3-BF4B-00C04F79EFBC}") = "MVVMCalc", "MVVMCalc\MVVMCalc.csproj", "{175AAFF9-D946-42D7-B2A6-6466DF0B73FB}"
EndProject
Project("{FAE04EC0-301F-11D3-BF4B-00C04F79EFBC}") = "TabSwitcher", "TabSwitcher\TabSwitcher.csproj", "{A3CEB58A-9F12-4CBA-AB26-EDE20092CBB7}"
EndProject
Global
	GlobalSection(SolutionConfigurationPlatforms) = preSolution
		Debug|Any CPU = Debug|Any CPU
		Release|Any CPU = Release|Any CPU
	EndGlobalSection
	GlobalSection(ProjectConfigurationPlatforms) = postSolution
		{197F99E4-F0A8-4BC8-930D-EF229EA5E700}.Debug|Any CPU.ActiveCfg = Debug|Any CPU
		{197F99E4-F0A8-4BC8-930D-EF229EA5E700}.Debug|Any CPU.Build.0 = Debug|Any CPU
		{197F99E4-F0A8-4BC8-930D-EF229EA5E700}.Release|Any CPU.ActiveCfg = Release|Any CPU
		{197F99E4-F0A8-4BC8-930D-EF229EA5E700}.Release|Any CPU.Build.0 = Release|Any CPU
		{18D6CE8B-E478-4B38-A7B4-34FABB4A0E45}.Debug|Any CPU.ActiveCfg = Debug|Any CPU
		{18D6CE8B-E478-4B38-A7B4-34FABB4A0E45}.Debug|Any CPU.Build.0 = Debug|Any CPU
		{18D6CE8B-E478-4B38-A7B4-34FABB4A0E45}.Release|Any CPU.ActiveCfg = Release|Any CPU
		{18D6CE8B-E478-4B38-A7B4-34FABB4A0E45}.Release|Any CPU.Build.0 = Release|Any CPU
		{175AAFF9-D946-42D7-B2A6-6466DF0B73FB}.Debug|Any CPU.ActiveCfg = Debug|Any CPU
		{175AAFF9-D946-42D7-B2A6-6466DF0B73FB}.Debug|Any CPU.Build.0 = Debug|Any CPU
		{175AAFF9-D946-42D7-B2A6-6466DF0B73FB}.Release|Any CPU.ActiveCfg = Release|Any CPU
		{175AAFF9-D946-42D7-B2A6-6466DF0B73FB}.Release|Any CPU.Build.0 = Release|Any CPU
		{A3CEB58A-9F12-4CBA-AB26-EDE20092CBB7}.Debug|Any CPU.ActiveCfg = Debug|Any CPU
		{A3CEB58A-9F12-4CBA-AB26-EDE20092CBB7}.Debug|Any CPU.Build.0 = Debug|Any CPU
		{A3CEB58A-9F12-4CBA-AB26-EDE20092CBB7}.Release|Any CPU.ActiveCfg = Release|Any CPU
		{A3CEB58A-9F12-4CBA-AB26-EDE20092CBB7}.Release|Any CPU.Build.0 = Release|Any CPU
	EndGlobalSection
	GlobalSection(SolutionProperties) = preSolution
		HideSolutionNode = FALSE
	EndGlobalSection
	GlobalSection(ExtensibilityGlobals) = postSolution
		SolutionGuid = {7854DEC4-726C-4AAE-BF3D-79A2C13C9A53}
	EndGlobalSection
EndGlobal
