
Microsoft Visual Studio Solution File, Format Version 12.00
# Visual Studio Version 16
VisualStudioVersion = 16.0.29509.3
MinimumVisualStudioVersion = 10.0.40219.1
Project("{FAE04EC0-301F-11D3-BF4B-00C04F79EFBC}") = "MailSender", "MailSender\MailSender.csproj", "{197F99E4-F0A8-4BC8-930D-EF229EA5E700}"
EndProject
Project("{FAE04EC0-301F-11D3-BF4B-00C04F79EFBC}") = "MailSender_v2", "MailSender_v2\MailSender_v2.csproj", "{18D6CE8B-E478-4B38-A7B4-34FABB4A0E45}"
EndProject
Global
	GlobalSection(SolutionConfigurationPlatforms) = preSolution
		Debug|Any CPU = Debug|Any CPU
		Release|Any CPU = Release|Any CPU
	EndGlobalSection
	GlobalSection(ProjectConfigurationPlatforms) = postSolution
		{197F99E4-F0A8-4BC8-930D-EF229EA5E700}.Debug|Any CPU.ActiveCfg = Debug|Any CPU
		{197F99E4-F0A8-4BC8-930D-EF229EA5E700}.Debug|Any CPU.Build.0 = Debug|Any CPU
		{197F99E4-F0A8-4BC8-930D-EF229EA5E700}.Release|Any CPU.ActiveCfg = Release|Any CPU
		{197F99E4-F0A8-4BC8-930D-EF229EA5E700}.Release|Any CPU.Build.0 = Release|Any CPU
		{18D6CE8B-E478-4B38-A7B4-34FABB4A0E45}.Debug|Any CPU.ActiveCfg = Debug|Any CPU
		{18D6CE8B-E478-4B38-A7B4-34FABB4A0E45}.Debug|Any CPU.Build.0 = Debug|Any CPU
		{18D6CE8B-E478-4B38-A7B4-34FABB4A0E45}.Release|Any CPU.ActiveCfg = Release|Any CPU
		{18D6CE8B-E478-4B38-A7B4-34FABB4A0E45}.Release|Any CPU.Build.0 = Release|Any CPU
	EndGlobalSection
	GlobalSection(SolutionProperties) = preSolution
		HideSolutionNode = FALSE
	EndGlobalSection
	GlobalSection(ExtensibilityGlobals) = postSolution
		SolutionGuid = {7854DEC4-726C-4AAE-BF3D-79A2C13C9A53}
	EndGlobalSection
EndGlobal
